NeoBundleLock ag.vim f755abfb1c4e4e3f59f6cfa25ce16edb5af9e516
NeoBundleLock lexima.vim dbf733e21ae5d6033a318150f4c4da8b1ca3aece
NeoBundleLock neobundle.vim 0e9126838992fb2558ad43bb242fd9a7a26421fd
NeoBundleLock ultisnips e48d8a28e55e931a3340dae937aa7f66954815ad
NeoBundleLock unite.vim f1aa053aae95e0185c5c9667ecd938c4fc37c2c7
NeoBundleLock vim-airline cdc6d98a09db60d3dda58815616f78338cbdaa9d
NeoBundleLock vim-colors-solarized 528a59f26d12278698bb946f8fb82a63711eec21
NeoBundleLock vim-easymotion 0806257ca6432ac7beb75c4319dadf7f3ba9907b
NeoBundleLock vim-indexed-search 86533d7c630563a4f606da8a60651e6da8978090
NeoBundleLock vim-snippets ec99c8c24f541727a648f072a84b9d1ea28f2341
NeoBundleLock vimproc.vim a6bd6893749e3cbfb07230f4284c36b2dc2d8179
NeoBundleLock vimshell 3787e52766812d8b99a93ccdda57517bc2a0bab6
NeoBundleLock vimtex 3abcc4a0a06240733bd41534ce5066da79cc9ac4
