NeoBundleLock ag.vim f755abfb1c4e4e3f59f6cfa25ce16edb5af9e516
NeoBundleLock lexima.vim dbf733e21ae5d6033a318150f4c4da8b1ca3aece
NeoBundleLock neobundle.vim e1832e15bcaca00322a203713387d3ce5d373f74
NeoBundleLock ultisnips 490430f91d600807272c99e9fa1f495e33d1df43
NeoBundleLock unite.vim 3a25f2a1992e0e39d62a2034590580df540d8b80
NeoBundleLock vim-airline cdc6d98a09db60d3dda58815616f78338cbdaa9d
NeoBundleLock vim-colors-solarized 528a59f26d12278698bb946f8fb82a63711eec21
NeoBundleLock vim-easymotion 0806257ca6432ac7beb75c4319dadf7f3ba9907b
NeoBundleLock vim-indexed-search 4284c5d2d17d7cb50c06dbca330424a46b3a2234
NeoBundleLock vim-snippets c00f373485c890d48909eb2fdb65ced6e108e206
NeoBundleLock vimproc.vim 9cd1edd344e0451a14d9574f555de0c51efe6819
NeoBundleLock vimshell 3787e52766812d8b99a93ccdda57517bc2a0bab6
